
Microsoft Visual Studio Solution File, Format Version 12.00
# Visual Studio Version 17
VisualStudioVersion = 17.13.35919.96
MinimumVisualStudioVersion = 10.0.40219.1
Project("{9A19103F-16F7-4668-BE54-9A1E7A4F7556}") = "GraphWay", "rysnak\GraphWay.csproj", "{0B0A7DFC-4CC7-49CA-9930-DCA06B70647E}"
EndProject
Global
	GlobalSection(SolutionConfigurationPlatforms) = preSolution
		Debug|Any CPU = Debug|Any CPU
		Release|Any CPU = Release|Any CPU
	EndGlobalSection
	GlobalSection(ProjectConfigurationPlatforms) = postSolution
		{0B0A7DFC-4CC7-49CA-9930-DCA06B70647E}.Debug|Any CPU.ActiveCfg = Debug|Any CPU
		{0B0A7DFC-4CC7-49CA-9930-DCA06B70647E}.Debug|Any CPU.Build.0 = Debug|Any CPU
		{0B0A7DFC-4CC7-49CA-9930-DCA06B70647E}.Release|Any CPU.ActiveCfg = Release|Any CPU
		{0B0A7DFC-4CC7-49CA-9930-DCA06B70647E}.Release|Any CPU.Build.0 = Release|Any CPU
	EndGlobalSection
	GlobalSection(SolutionProperties) = preSolution
		HideSolutionNode = FALSE
	EndGlobalSection
	GlobalSection(ExtensibilityGlobals) = postSolution
		SolutionGuid = {395945CC-14B3-4CA5-8C5F-6158E1E1B86E}
	EndGlobalSection
EndGlobal
